
Microsoft Visual Studio Solution File, Format Version 12.00
# Visual Studio Version 17
VisualStudioVersion = 17.14.36616.10 d17.14
MinimumVisualStudioVersion = 10.0.40219.1
Project("{FAE04EC0-301F-11D3-BF4B-00C04F79EFBC}") = "CodingTestNov25Week3", "CodingTestNov25Week3.csproj", "{5B0C1078-1597-44B5-AEAD-CFFD4854CEB9}"
EndProject
Project("{FAE04EC0-301F-11D3-BF4B-00C04F79EFBC}") = "Week3CodingTestConsole", "..\Week3CodingTestConsole\Week3CodingTestConsole.csproj", "{F1C51C1E-3531-44FE-8BAC-ACE09FF8666F}"
EndProject
Global
	GlobalSection(SolutionConfigurationPlatforms) = preSolution
		Debug|Any CPU = Debug|Any CPU
		Release|Any CPU = Release|Any CPU
	EndGlobalSection
	GlobalSection(ProjectConfigurationPlatforms) = postSolution
		{5B0C1078-1597-44B5-AEAD-CFFD4854CEB9}.Debug|Any CPU.ActiveCfg = Debug|Any CPU
		{5B0C1078-1597-44B5-AEAD-CFFD4854CEB9}.Debug|Any CPU.Build.0 = Debug|Any CPU
		{5B0C1078-1597-44B5-AEAD-CFFD4854CEB9}.Release|Any CPU.ActiveCfg = Release|Any CPU
		{5B0C1078-1597-44B5-AEAD-CFFD4854CEB9}.Release|Any CPU.Build.0 = Release|Any CPU
		{F1C51C1E-3531-44FE-8BAC-ACE09FF8666F}.Debug|Any CPU.ActiveCfg = Debug|Any CPU
		{F1C51C1E-3531-44FE-8BAC-ACE09FF8666F}.Debug|Any CPU.Build.0 = Debug|Any CPU
		{F1C51C1E-3531-44FE-8BAC-ACE09FF8666F}.Release|Any CPU.ActiveCfg = Release|Any CPU
		{F1C51C1E-3531-44FE-8BAC-ACE09FF8666F}.Release|Any CPU.Build.0 = Release|Any CPU
	EndGlobalSection
	GlobalSection(SolutionProperties) = preSolution
		HideSolutionNode = FALSE
	EndGlobalSection
	GlobalSection(ExtensibilityGlobals) = postSolution
		SolutionGuid = {EC2C962E-EC4D-4A5E-890C-FD7245CA3122}
	EndGlobalSection
EndGlobal
