
Microsoft Visual Studio Solution File, Format Version 12.00
# Visual Studio Version 17
VisualStudioVersion = 17.14.36616.10 d17.14
MinimumVisualStudioVersion = 10.0.40219.1
Project("{FAE04EC0-301F-11D3-BF4B-00C04F79EFBC}") = "AssignmentNov21", "AssignmentNov21.csproj", "{B6214E9F-14BD-4D4B-924F-571EBB98FD51}"
EndProject
Global
	GlobalSection(SolutionConfigurationPlatforms) = preSolution
		Debug|Any CPU = Debug|Any CPU
		Release|Any CPU = Release|Any CPU
	EndGlobalSection
	GlobalSection(ProjectConfigurationPlatforms) = postSolution
		{B6214E9F-14BD-4D4B-924F-571EBB98FD51}.Debug|Any CPU.ActiveCfg = Debug|Any CPU
		{B6214E9F-14BD-4D4B-924F-571EBB98FD51}.Debug|Any CPU.Build.0 = Debug|Any CPU
		{B6214E9F-14BD-4D4B-924F-571EBB98FD51}.Release|Any CPU.ActiveCfg = Release|Any CPU
		{B6214E9F-14BD-4D4B-924F-571EBB98FD51}.Release|Any CPU.Build.0 = Release|Any CPU
	EndGlobalSection
	GlobalSection(SolutionProperties) = preSolution
		HideSolutionNode = FALSE
	EndGlobalSection
	GlobalSection(ExtensibilityGlobals) = postSolution
		SolutionGuid = {0A64ECBE-174C-416F-88CB-D0BCE3C707B3}
	EndGlobalSection
EndGlobal
