
Microsoft Visual Studio Solution File, Format Version 12.00
# Visual Studio Version 17
VisualStudioVersion = 17.14.36616.10 d17.14
MinimumVisualStudioVersion = 10.0.40219.1
Project("{FAE04EC0-301F-11D3-BF4B-00C04F79EFBC}") = "Access_Specifiers", "Access_Specifiers.csproj", "{3E3D9085-8449-4608-A233-AEE19A11DCAF}"
EndProject
Global
	GlobalSection(SolutionConfigurationPlatforms) = preSolution
		Debug|Any CPU = Debug|Any CPU
		Release|Any CPU = Release|Any CPU
	EndGlobalSection
	GlobalSection(ProjectConfigurationPlatforms) = postSolution
		{3E3D9085-8449-4608-A233-AEE19A11DCAF}.Debug|Any CPU.ActiveCfg = Debug|Any CPU
		{3E3D9085-8449-4608-A233-AEE19A11DCAF}.Debug|Any CPU.Build.0 = Debug|Any CPU
		{3E3D9085-8449-4608-A233-AEE19A11DCAF}.Release|Any CPU.ActiveCfg = Release|Any CPU
		{3E3D9085-8449-4608-A233-AEE19A11DCAF}.Release|Any CPU.Build.0 = Release|Any CPU
	EndGlobalSection
	GlobalSection(SolutionProperties) = preSolution
		HideSolutionNode = FALSE
	EndGlobalSection
	GlobalSection(ExtensibilityGlobals) = postSolution
		SolutionGuid = {73F72E97-0A39-4C4D-80B6-D2F639E5CE58}
	EndGlobalSection
EndGlobal
