
Microsoft Visual Studio Solution File, Format Version 12.00
# Visual Studio Version 17
VisualStudioVersion = 17.14.36616.10 d17.14
MinimumVisualStudioVersion = 10.0.40219.1
Project("{FAE04EC0-301F-11D3-BF4B-00C04F79EFBC}") = "FunctionOverridingDemo", "FunctionOverridingDemo.csproj", "{BC0CBC58-4213-4A87-8184-75855A5C5102}"
EndProject
Global
	GlobalSection(SolutionConfigurationPlatforms) = preSolution
		Debug|Any CPU = Debug|Any CPU
		Release|Any CPU = Release|Any CPU
	EndGlobalSection
	GlobalSection(ProjectConfigurationPlatforms) = postSolution
		{BC0CBC58-4213-4A87-8184-75855A5C5102}.Debug|Any CPU.ActiveCfg = Debug|Any CPU
		{BC0CBC58-4213-4A87-8184-75855A5C5102}.Debug|Any CPU.Build.0 = Debug|Any CPU
		{BC0CBC58-4213-4A87-8184-75855A5C5102}.Release|Any CPU.ActiveCfg = Release|Any CPU
		{BC0CBC58-4213-4A87-8184-75855A5C5102}.Release|Any CPU.Build.0 = Release|Any CPU
	EndGlobalSection
	GlobalSection(SolutionProperties) = preSolution
		HideSolutionNode = FALSE
	EndGlobalSection
	GlobalSection(ExtensibilityGlobals) = postSolution
		SolutionGuid = {A0F27EF0-DAEE-4268-9F7A-3C9CA7F2AEEC}
	EndGlobalSection
EndGlobal
