
Microsoft Visual Studio Solution File, Format Version 12.00
# Visual Studio Version 17
VisualStudioVersion = 17.14.36811.4 d17.14
MinimumVisualStudioVersion = 10.0.40219.1
Project("{FAE04EC0-301F-11D3-BF4B-00C04F79EFBC}") = "MVC_Assignment1", "MVC_Assignment1.csproj", "{19602E96-AF2E-4F66-8E42-DA3D83284383}"
EndProject
Global
	GlobalSection(SolutionConfigurationPlatforms) = preSolution
		Debug|Any CPU = Debug|Any CPU
		Release|Any CPU = Release|Any CPU
	EndGlobalSection
	GlobalSection(ProjectConfigurationPlatforms) = postSolution
		{19602E96-AF2E-4F66-8E42-DA3D83284383}.Debug|Any CPU.ActiveCfg = Debug|Any CPU
		{19602E96-AF2E-4F66-8E42-DA3D83284383}.Debug|Any CPU.Build.0 = Debug|Any CPU
		{19602E96-AF2E-4F66-8E42-DA3D83284383}.Release|Any CPU.ActiveCfg = Release|Any CPU
		{19602E96-AF2E-4F66-8E42-DA3D83284383}.Release|Any CPU.Build.0 = Release|Any CPU
	EndGlobalSection
	GlobalSection(SolutionProperties) = preSolution
		HideSolutionNode = FALSE
	EndGlobalSection
	GlobalSection(ExtensibilityGlobals) = postSolution
		SolutionGuid = {AB41C314-1E8F-4731-9D8E-2AF0F99DED53}
	EndGlobalSection
EndGlobal
