
Microsoft Visual Studio Solution File, Format Version 12.00
# Visual Studio Version 17
VisualStudioVersion = 17.14.36811.4 d17.14
MinimumVisualStudioVersion = 10.0.40219.1
Project("{FAE04EC0-301F-11D3-BF4B-00C04F79EFBC}") = "WebService_Prj1", "WebService_Prj1.csproj", "{F193C40C-B565-46A0-8290-BB49F1BF994C}"
EndProject
Project("{FAE04EC0-301F-11D3-BF4B-00C04F79EFBC}") = "Webservice_Client", "..\Webservice_Client\Webservice_Client.csproj", "{287EBD0C-F645-45A9-812B-E3080945A866}"
	ProjectSection(ProjectDependencies) = postProject
		{F193C40C-B565-46A0-8290-BB49F1BF994C} = {F193C40C-B565-46A0-8290-BB49F1BF994C}
	EndProjectSection
EndProject
Global
	GlobalSection(SolutionConfigurationPlatforms) = preSolution
		Debug|Any CPU = Debug|Any CPU
		Release|Any CPU = Release|Any CPU
	EndGlobalSection
	GlobalSection(ProjectConfigurationPlatforms) = postSolution
		{F193C40C-B565-46A0-8290-BB49F1BF994C}.Debug|Any CPU.ActiveCfg = Debug|Any CPU
		{F193C40C-B565-46A0-8290-BB49F1BF994C}.Debug|Any CPU.Build.0 = Debug|Any CPU
		{F193C40C-B565-46A0-8290-BB49F1BF994C}.Release|Any CPU.ActiveCfg = Release|Any CPU
		{F193C40C-B565-46A0-8290-BB49F1BF994C}.Release|Any CPU.Build.0 = Release|Any CPU
		{287EBD0C-F645-45A9-812B-E3080945A866}.Debug|Any CPU.ActiveCfg = Debug|Any CPU
		{287EBD0C-F645-45A9-812B-E3080945A866}.Debug|Any CPU.Build.0 = Debug|Any CPU
		{287EBD0C-F645-45A9-812B-E3080945A866}.Release|Any CPU.ActiveCfg = Release|Any CPU
		{287EBD0C-F645-45A9-812B-E3080945A866}.Release|Any CPU.Build.0 = Release|Any CPU
	EndGlobalSection
	GlobalSection(SolutionProperties) = preSolution
		HideSolutionNode = FALSE
	EndGlobalSection
	GlobalSection(ExtensibilityGlobals) = postSolution
		SolutionGuid = {108D8B33-5D70-4AEC-9E43-64FAF0AC38E2}
	EndGlobalSection
EndGlobal
