
Microsoft Visual Studio Solution File, Format Version 12.00
# Visual Studio Version 17
VisualStudioVersion = 17.14.36616.10 d17.14
MinimumVisualStudioVersion = 10.0.40219.1
Project("{FAE04EC0-301F-11D3-BF4B-00C04F79EFBC}") = "EmployeInfo", "EmployeInfo.csproj", "{BF9543D5-3394-4DA9-A566-F8561F231426}"
EndProject
Global
	GlobalSection(SolutionConfigurationPlatforms) = preSolution
		Debug|Any CPU = Debug|Any CPU
		Release|Any CPU = Release|Any CPU
	EndGlobalSection
	GlobalSection(ProjectConfigurationPlatforms) = postSolution
		{BF9543D5-3394-4DA9-A566-F8561F231426}.Debug|Any CPU.ActiveCfg = Debug|Any CPU
		{BF9543D5-3394-4DA9-A566-F8561F231426}.Debug|Any CPU.Build.0 = Debug|Any CPU
		{BF9543D5-3394-4DA9-A566-F8561F231426}.Release|Any CPU.ActiveCfg = Release|Any CPU
		{BF9543D5-3394-4DA9-A566-F8561F231426}.Release|Any CPU.Build.0 = Release|Any CPU
	EndGlobalSection
	GlobalSection(SolutionProperties) = preSolution
		HideSolutionNode = FALSE
	EndGlobalSection
	GlobalSection(ExtensibilityGlobals) = postSolution
		SolutionGuid = {A0945536-EE50-411E-B73C-67D45B1C6579}
	EndGlobalSection
EndGlobal
