
Microsoft Visual Studio Solution File, Format Version 12.00
# Visual Studio Version 17
VisualStudioVersion = 17.14.36811.4 d17.14
MinimumVisualStudioVersion = 10.0.40219.1
Project("{FAE04EC0-301F-11D3-BF4B-00C04F79EFBC}") = "CachingDemo", "CachingDemo.csproj", "{CD44B9F0-F6BC-43C2-88DF-B00D6B40435F}"
EndProject
Global
	GlobalSection(SolutionConfigurationPlatforms) = preSolution
		Debug|Any CPU = Debug|Any CPU
		Release|Any CPU = Release|Any CPU
	EndGlobalSection
	GlobalSection(ProjectConfigurationPlatforms) = postSolution
		{CD44B9F0-F6BC-43C2-88DF-B00D6B40435F}.Debug|Any CPU.ActiveCfg = Debug|Any CPU
		{CD44B9F0-F6BC-43C2-88DF-B00D6B40435F}.Debug|Any CPU.Build.0 = Debug|Any CPU
		{CD44B9F0-F6BC-43C2-88DF-B00D6B40435F}.Release|Any CPU.ActiveCfg = Release|Any CPU
		{CD44B9F0-F6BC-43C2-88DF-B00D6B40435F}.Release|Any CPU.Build.0 = Release|Any CPU
	EndGlobalSection
	GlobalSection(SolutionProperties) = preSolution
		HideSolutionNode = FALSE
	EndGlobalSection
	GlobalSection(ExtensibilityGlobals) = postSolution
		SolutionGuid = {58011DB6-28D1-4F22-8271-5AFA65D6288C}
	EndGlobalSection
EndGlobal
