
Microsoft Visual Studio Solution File, Format Version 12.00
# Visual Studio Version 17
VisualStudioVersion = 17.14.36616.10 d17.14
MinimumVisualStudioVersion = 10.0.40219.1
Project("{FAE04EC0-301F-11D3-BF4B-00C04F79EFBC}") = "Firstprj", "Firstprj\Firstprj.csproj", "{F27E47B3-727B-4C9B-B2D1-F35AB1EFBAFF}"
EndProject
Global
	GlobalSection(SolutionConfigurationPlatforms) = preSolution
		Debug|Any CPU = Debug|Any CPU
		Release|Any CPU = Release|Any CPU
	EndGlobalSection
	GlobalSection(ProjectConfigurationPlatforms) = postSolution
		{F27E47B3-727B-4C9B-B2D1-F35AB1EFBAFF}.Debug|Any CPU.ActiveCfg = Debug|Any CPU
		{F27E47B3-727B-4C9B-B2D1-F35AB1EFBAFF}.Debug|Any CPU.Build.0 = Debug|Any CPU
		{F27E47B3-727B-4C9B-B2D1-F35AB1EFBAFF}.Release|Any CPU.ActiveCfg = Release|Any CPU
		{F27E47B3-727B-4C9B-B2D1-F35AB1EFBAFF}.Release|Any CPU.Build.0 = Release|Any CPU
	EndGlobalSection
	GlobalSection(SolutionProperties) = preSolution
		HideSolutionNode = FALSE
	EndGlobalSection
	GlobalSection(ExtensibilityGlobals) = postSolution
		SolutionGuid = {ECB032ED-FF12-4394-A5FA-80F1A03C8552}
	EndGlobalSection
EndGlobal
