
Microsoft Visual Studio Solution File, Format Version 12.00
# Visual Studio Version 17
VisualStudioVersion = 17.14.36811.4 d17.14
MinimumVisualStudioVersion = 10.0.40219.1
Project("{FAE04EC0-301F-11D3-BF4B-00C04F79EFBC}") = "WebApplication1ASP", "WebApplication1ASP.csproj", "{29706734-A09F-4ACE-B08F-B464C5C08746}"
EndProject
Global
	GlobalSection(SolutionConfigurationPlatforms) = preSolution
		Debug|Any CPU = Debug|Any CPU
		Release|Any CPU = Release|Any CPU
	EndGlobalSection
	GlobalSection(ProjectConfigurationPlatforms) = postSolution
		{29706734-A09F-4ACE-B08F-B464C5C08746}.Debug|Any CPU.ActiveCfg = Debug|Any CPU
		{29706734-A09F-4ACE-B08F-B464C5C08746}.Debug|Any CPU.Build.0 = Debug|Any CPU
		{29706734-A09F-4ACE-B08F-B464C5C08746}.Release|Any CPU.ActiveCfg = Release|Any CPU
		{29706734-A09F-4ACE-B08F-B464C5C08746}.Release|Any CPU.Build.0 = Release|Any CPU
	EndGlobalSection
	GlobalSection(SolutionProperties) = preSolution
		HideSolutionNode = FALSE
	EndGlobalSection
	GlobalSection(ExtensibilityGlobals) = postSolution
		SolutionGuid = {9717679C-B614-437C-BB62-572AEEB5FFA2}
	EndGlobalSection
EndGlobal
