
Microsoft Visual Studio Solution File, Format Version 12.00
# Visual Studio Version 17
VisualStudioVersion = 17.14.36616.10
MinimumVisualStudioVersion = 10.0.40219.1
Project("{FAE04EC0-301F-11D3-BF4B-00C04F79EFBC}") = "GrossBill", "GrossBill.csproj", "{FC96F66F-8E1E-4409-AE13-3E28C4481A66}"
EndProject
Global
	GlobalSection(SolutionConfigurationPlatforms) = preSolution
		Debug|Any CPU = Debug|Any CPU
		Release|Any CPU = Release|Any CPU
	EndGlobalSection
	GlobalSection(ProjectConfigurationPlatforms) = postSolution
		{FC96F66F-8E1E-4409-AE13-3E28C4481A66}.Debug|Any CPU.ActiveCfg = Debug|Any CPU
		{FC96F66F-8E1E-4409-AE13-3E28C4481A66}.Debug|Any CPU.Build.0 = Debug|Any CPU
		{FC96F66F-8E1E-4409-AE13-3E28C4481A66}.Release|Any CPU.ActiveCfg = Release|Any CPU
		{FC96F66F-8E1E-4409-AE13-3E28C4481A66}.Release|Any CPU.Build.0 = Release|Any CPU
	EndGlobalSection
	GlobalSection(SolutionProperties) = preSolution
		HideSolutionNode = FALSE
	EndGlobalSection
	GlobalSection(ExtensibilityGlobals) = postSolution
		SolutionGuid = {AACC0341-DF4A-4D20-86B2-8EF86509119E}
	EndGlobalSection
EndGlobal
