
Microsoft Visual Studio Solution File, Format Version 12.00
# Visual Studio Version 17
VisualStudioVersion = 17.14.36616.10 d17.14
MinimumVisualStudioVersion = 10.0.40219.1
Project("{FAE04EC0-301F-11D3-BF4B-00C04F79EFBC}") = "Assignment3Nov21", "Assignment3Nov21.csproj", "{815AEA11-E583-476A-B0B4-D3741472180E}"
EndProject
Global
	GlobalSection(SolutionConfigurationPlatforms) = preSolution
		Debug|Any CPU = Debug|Any CPU
		Release|Any CPU = Release|Any CPU
	EndGlobalSection
	GlobalSection(ProjectConfigurationPlatforms) = postSolution
		{815AEA11-E583-476A-B0B4-D3741472180E}.Debug|Any CPU.ActiveCfg = Debug|Any CPU
		{815AEA11-E583-476A-B0B4-D3741472180E}.Debug|Any CPU.Build.0 = Debug|Any CPU
		{815AEA11-E583-476A-B0B4-D3741472180E}.Release|Any CPU.ActiveCfg = Release|Any CPU
		{815AEA11-E583-476A-B0B4-D3741472180E}.Release|Any CPU.Build.0 = Release|Any CPU
	EndGlobalSection
	GlobalSection(SolutionProperties) = preSolution
		HideSolutionNode = FALSE
	EndGlobalSection
	GlobalSection(ExtensibilityGlobals) = postSolution
		SolutionGuid = {0A8D6092-A94B-43B8-A6E6-C074D79697AE}
	EndGlobalSection
EndGlobal
