
Microsoft Visual Studio Solution File, Format Version 12.00
# Visual Studio Version 17
VisualStudioVersion = 17.14.36616.10 d17.14
MinimumVisualStudioVersion = 10.0.40219.1
Project("{FAE04EC0-301F-11D3-BF4B-00C04F79EFBC}") = "Assign4", "Assign4.csproj", "{DAB20BDF-B368-4B12-BD69-1EDE32792ACF}"
EndProject
Global
	GlobalSection(SolutionConfigurationPlatforms) = preSolution
		Debug|Any CPU = Debug|Any CPU
		Release|Any CPU = Release|Any CPU
	EndGlobalSection
	GlobalSection(ProjectConfigurationPlatforms) = postSolution
		{DAB20BDF-B368-4B12-BD69-1EDE32792ACF}.Debug|Any CPU.ActiveCfg = Debug|Any CPU
		{DAB20BDF-B368-4B12-BD69-1EDE32792ACF}.Debug|Any CPU.Build.0 = Debug|Any CPU
		{DAB20BDF-B368-4B12-BD69-1EDE32792ACF}.Release|Any CPU.ActiveCfg = Release|Any CPU
		{DAB20BDF-B368-4B12-BD69-1EDE32792ACF}.Release|Any CPU.Build.0 = Release|Any CPU
	EndGlobalSection
	GlobalSection(SolutionProperties) = preSolution
		HideSolutionNode = FALSE
	EndGlobalSection
	GlobalSection(ExtensibilityGlobals) = postSolution
		SolutionGuid = {A67E240D-7151-4C1D-B2EE-AC8018D1A59E}
	EndGlobalSection
EndGlobal
