
Microsoft Visual Studio Solution File, Format Version 12.00
# Visual Studio Version 17
VisualStudioVersion = 17.14.36616.10 d17.14
MinimumVisualStudioVersion = 10.0.40219.1
Project("{FAE04EC0-301F-11D3-BF4B-00C04F79EFBC}") = "FunctionDemo", "FunctionDemo.csproj", "{40BADBBC-F613-43D8-83B3-AA152A13DA72}"
EndProject
Global
	GlobalSection(SolutionConfigurationPlatforms) = preSolution
		Debug|Any CPU = Debug|Any CPU
		Release|Any CPU = Release|Any CPU
	EndGlobalSection
	GlobalSection(ProjectConfigurationPlatforms) = postSolution
		{40BADBBC-F613-43D8-83B3-AA152A13DA72}.Debug|Any CPU.ActiveCfg = Debug|Any CPU
		{40BADBBC-F613-43D8-83B3-AA152A13DA72}.Debug|Any CPU.Build.0 = Debug|Any CPU
		{40BADBBC-F613-43D8-83B3-AA152A13DA72}.Release|Any CPU.ActiveCfg = Release|Any CPU
		{40BADBBC-F613-43D8-83B3-AA152A13DA72}.Release|Any CPU.Build.0 = Release|Any CPU
	EndGlobalSection
	GlobalSection(SolutionProperties) = preSolution
		HideSolutionNode = FALSE
	EndGlobalSection
	GlobalSection(ExtensibilityGlobals) = postSolution
		SolutionGuid = {63182753-25C2-41B9-A27B-622F5325CDF2}
	EndGlobalSection
EndGlobal
