
Microsoft Visual Studio Solution File, Format Version 12.00
# Visual Studio Version 17
VisualStudioVersion = 17.14.36616.10 d17.14
MinimumVisualStudioVersion = 10.0.40219.1
Project("{FAE04EC0-301F-11D3-BF4B-00C04F79EFBC}") = "RemotingTrn", "RemotingTrn.csproj", "{F561F105-CCDD-4D24-A99D-B1AE4121EEDB}"
EndProject
Project("{FAE04EC0-301F-11D3-BF4B-00C04F79EFBC}") = "RemotingLib", "..\RemotingLib\RemotingLib.csproj", "{700E737F-5257-429C-B83A-1563A3C5B403}"
EndProject
Project("{FAE04EC0-301F-11D3-BF4B-00C04F79EFBC}") = "ServerApp", "..\ServerApp\ServerApp.csproj", "{A48849D9-BD81-4391-91A3-8A29C54E03A8}"
EndProject
Project("{FAE04EC0-301F-11D3-BF4B-00C04F79EFBC}") = "ClientApp", "..\ClientApp\ClientApp.csproj", "{6A8B77A0-5074-446D-AFF5-DF398EFED1D6}"
EndProject
Global
	GlobalSection(SolutionConfigurationPlatforms) = preSolution
		Debug|Any CPU = Debug|Any CPU
		Release|Any CPU = Release|Any CPU
	EndGlobalSection
	GlobalSection(ProjectConfigurationPlatforms) = postSolution
		{F561F105-CCDD-4D24-A99D-B1AE4121EEDB}.Debug|Any CPU.ActiveCfg = Debug|Any CPU
		{F561F105-CCDD-4D24-A99D-B1AE4121EEDB}.Debug|Any CPU.Build.0 = Debug|Any CPU
		{F561F105-CCDD-4D24-A99D-B1AE4121EEDB}.Release|Any CPU.ActiveCfg = Release|Any CPU
		{F561F105-CCDD-4D24-A99D-B1AE4121EEDB}.Release|Any CPU.Build.0 = Release|Any CPU
		{700E737F-5257-429C-B83A-1563A3C5B403}.Debug|Any CPU.ActiveCfg = Debug|Any CPU
		{700E737F-5257-429C-B83A-1563A3C5B403}.Debug|Any CPU.Build.0 = Debug|Any CPU
		{700E737F-5257-429C-B83A-1563A3C5B403}.Release|Any CPU.ActiveCfg = Release|Any CPU
		{700E737F-5257-429C-B83A-1563A3C5B403}.Release|Any CPU.Build.0 = Release|Any CPU
		{A48849D9-BD81-4391-91A3-8A29C54E03A8}.Debug|Any CPU.ActiveCfg = Debug|Any CPU
		{A48849D9-BD81-4391-91A3-8A29C54E03A8}.Debug|Any CPU.Build.0 = Debug|Any CPU
		{A48849D9-BD81-4391-91A3-8A29C54E03A8}.Release|Any CPU.ActiveCfg = Release|Any CPU
		{A48849D9-BD81-4391-91A3-8A29C54E03A8}.Release|Any CPU.Build.0 = Release|Any CPU
		{6A8B77A0-5074-446D-AFF5-DF398EFED1D6}.Debug|Any CPU.ActiveCfg = Debug|Any CPU
		{6A8B77A0-5074-446D-AFF5-DF398EFED1D6}.Debug|Any CPU.Build.0 = Debug|Any CPU
		{6A8B77A0-5074-446D-AFF5-DF398EFED1D6}.Release|Any CPU.ActiveCfg = Release|Any CPU
		{6A8B77A0-5074-446D-AFF5-DF398EFED1D6}.Release|Any CPU.Build.0 = Release|Any CPU
	EndGlobalSection
	GlobalSection(SolutionProperties) = preSolution
		HideSolutionNode = FALSE
	EndGlobalSection
	GlobalSection(ExtensibilityGlobals) = postSolution
		SolutionGuid = {571AE388-898A-4080-A59E-676F22ED1860}
	EndGlobalSection
EndGlobal
