
Microsoft Visual Studio Solution File, Format Version 12.00
# Visual Studio Version 17
VisualStudioVersion = 17.14.36616.10 d17.14
MinimumVisualStudioVersion = 10.0.40219.1
Project("{FAE04EC0-301F-11D3-BF4B-00C04F79EFBC}") = "Assignment2Nov21", "Assignment2Nov21.csproj", "{8B4FB733-2B30-4A88-9084-318B4E5A7911}"
EndProject
Global
	GlobalSection(SolutionConfigurationPlatforms) = preSolution
		Debug|Any CPU = Debug|Any CPU
		Release|Any CPU = Release|Any CPU
	EndGlobalSection
	GlobalSection(ProjectConfigurationPlatforms) = postSolution
		{8B4FB733-2B30-4A88-9084-318B4E5A7911}.Debug|Any CPU.ActiveCfg = Debug|Any CPU
		{8B4FB733-2B30-4A88-9084-318B4E5A7911}.Debug|Any CPU.Build.0 = Debug|Any CPU
		{8B4FB733-2B30-4A88-9084-318B4E5A7911}.Release|Any CPU.ActiveCfg = Release|Any CPU
		{8B4FB733-2B30-4A88-9084-318B4E5A7911}.Release|Any CPU.Build.0 = Release|Any CPU
	EndGlobalSection
	GlobalSection(SolutionProperties) = preSolution
		HideSolutionNode = FALSE
	EndGlobalSection
	GlobalSection(ExtensibilityGlobals) = postSolution
		SolutionGuid = {17F115AA-5FAD-45A5-A34E-E019F3B661BC}
	EndGlobalSection
EndGlobal
